// !$*UTF8*$!
{
	archiveVersion = 1;
	classes = {
	};
	objectVersion = 46;
	objects = {

/* Begin PBXBuildFile section */
		6D67458018DE5F50002EF799 /* MobileCoreServices.framework in Frameworks */ = {isa = PBXBuildFile; fileRef = 6D67457F18DE5F50002EF799 /* MobileCoreServices.framework */; };
		6D67458218DE5F59002EF799 /* SystemConfiguration.framework in Frameworks */ = {isa = PBXBuildFile; fileRef = 6D67458118DE5F59002EF799 /* SystemConfiguration.framework */; };
		6D67458418DE5F60002EF799 /* CFNetwork.framework in Frameworks */ = {isa = PBXBuildFile; fileRef = 6D67458318DE5F60002EF799 /* CFNetwork.framework */; };
		6D6745AC18DE5FF2002EF799 /* AFHTTPRequestOperation.m in Sources */ = {isa = PBXBuildFile; fileRef = 6D67458818DE5FF2002EF799 /* AFHTTPRequestOperation.m */; };
		6D6745AD18DE5FF2002EF799 /* AFHTTPRequestOperationManager.m in Sources */ = {isa = PBXBuildFile; fileRef = 6D67458A18DE5FF2002EF799 /* AFHTTPRequestOperationManager.m */; };
		6D6745AE18DE5FF2002EF799 /* AFHTTPSessionManager.m in Sources */ = {isa = PBXBuildFile; fileRef = 6D67458C18DE5FF2002EF799 /* AFHTTPSessionManager.m */; };
		6D6745AF18DE5FF2002EF799 /* AFNetworkReachabilityManager.m in Sources */ = {isa = PBXBuildFile; fileRef = 6D67458F18DE5FF2002EF799 /* AFNetworkReachabilityManager.m */; };
		6D6745B018DE5FF2002EF799 /* AFSecurityPolicy.m in Sources */ = {isa = PBXBuildFile; fileRef = 6D67459118DE5FF2002EF799 /* AFSecurityPolicy.m */; };
		6D6745B118DE5FF2002EF799 /* AFURLConnectionOperation.m in Sources */ = {isa = PBXBuildFile; fileRef = 6D67459318DE5FF2002EF799 /* AFURLConnectionOperation.m */; };
		6D6745B218DE5FF2002EF799 /* AFURLRequestSerialization.m in Sources */ = {isa = PBXBuildFile; fileRef = 6D67459518DE5FF2002EF799 /* AFURLRequestSerialization.m */; };
		6D6745B318DE5FF2002EF799 /* AFURLResponseSerialization.m in Sources */ = {isa = PBXBuildFile; fileRef = 6D67459718DE5FF2002EF799 /* AFURLResponseSerialization.m */; };
		6D6745B418DE5FF2002EF799 /* AFURLSessionManager.m in Sources */ = {isa = PBXBuildFile; fileRef = 6D67459918DE5FF2002EF799 /* AFURLSessionManager.m */; };
		6D6745B518DE5FF2002EF799 /* AFNetworkActivityIndicatorManager.m in Sources */ = {isa = PBXBuildFile; fileRef = 6D67459C18DE5FF2002EF799 /* AFNetworkActivityIndicatorManager.m */; };
		6D6745B618DE5FF2002EF799 /* UIActivityIndicatorView+AFNetworking.m in Sources */ = {isa = PBXBuildFile; fileRef = 6D67459E18DE5FF2002EF799 /* UIActivityIndicatorView+AFNetworking.m */; };
		6D6745B718DE5FF2002EF799 /* UIAlertView+AFNetworking.m in Sources */ = {isa = PBXBuildFile; fileRef = 6D6745A018DE5FF2002EF799 /* UIAlertView+AFNetworking.m */; };
		6D6745B818DE5FF2002EF799 /* UIButton+AFNetworking.m in Sources */ = {isa = PBXBuildFile; fileRef = 6D6745A218DE5FF2002EF799 /* UIButton+AFNetworking.m */; };
		6D6745B918DE5FF2002EF799 /* UIImageView+AFNetworking.m in Sources */ = {isa = PBXBuildFile; fileRef = 6D6745A418DE5FF2002EF799 /* UIImageView+AFNetworking.m */; };
		6D6745BA18DE5FF2002EF799 /* UIProgressView+AFNetworking.m in Sources */ = {isa = PBXBuildFile; fileRef = 6D6745A718DE5FF2002EF799 /* UIProgressView+AFNetworking.m */; };
		6D6745BB18DE5FF2002EF799 /* UIRefreshControl+AFNetworking.m in Sources */ = {isa = PBXBuildFile; fileRef = 6D6745A918DE5FF2002EF799 /* UIRefreshControl+AFNetworking.m */; };
		6D6745BC18DE5FF2002EF799 /* UIWebView+AFNetworking.m in Sources */ = {isa = PBXBuildFile; fileRef = 6D6745AB18DE5FF2002EF799 /* UIWebView+AFNetworking.m */; };
		6D6745C018DE6075002EF799 /* PGPSProductStore.m in Sources */ = {isa = PBXBuildFile; fileRef = 6D6745BF18DE6075002EF799 /* PGPSProductStore.m */; };
		6D6745C218DE6379002EF799 /* AdSupport.framework in Frameworks */ = {isa = PBXBuildFile; fileRef = 6D6745C118DE6379002EF799 /* AdSupport.framework */; };
		6D6745C618DEC079002EF799 /* Product.m in Sources */ = {isa = PBXBuildFile; fileRef = 6D6745C518DEC079002EF799 /* Product.m */; };
		6D6745C918DEC1D6002EF799 /* Address.m in Sources */ = {isa = PBXBuildFile; fileRef = 6D6745C818DEC1D6002EF799 /* Address.m */; };
		6D6745CD18DEC35D002EF799 /* ProductAssembler.m in Sources */ = {isa = PBXBuildFile; fileRef = 6D6745CC18DEC35D002EF799 /* ProductAssembler.m */; };
		6D6745CF18E93BFA002EF799 /* CoreLocation.framework in Frameworks */ = {isa = PBXBuildFile; fileRef = 6D6745CE18E93BF8002EF799 /* CoreLocation.framework */; };
		6D6745D218E940A0002EF799 /* PGPSLocationManager.m in Sources */ = {isa = PBXBuildFile; fileRef = 6D6745D118E940A0002EF799 /* PGPSLocationManager.m */; };
		6DD1CACC18F91BBD007D383A /* PGPSItemGridViewController.m in Sources */ = {isa = PBXBuildFile; fileRef = 6DD1CACA18F91BBD007D383A /* PGPSItemGridViewController.m */; };
		6DD1CACD18F91BBD007D383A /* PGPSItemGridViewController.xib in Resources */ = {isa = PBXBuildFile; fileRef = 6DD1CACB18F91BBD007D383A /* PGPSItemGridViewController.xib */; };
		6DD1CAD518F91DD0007D383A /* PGPSItemGridViewCell.m in Sources */ = {isa = PBXBuildFile; fileRef = 6DD1CAD418F91DD0007D383A /* PGPSItemGridViewCell.m */; };
		6DD1CAD718F91DF6007D383A /* PGPSItemGridViewCell.xib in Resources */ = {isa = PBXBuildFile; fileRef = 6DD1CAD618F91DF6007D383A /* PGPSItemGridViewCell.xib */; };
		6DD1CADA18F92029007D383A /* katrina-kaif.png in Resources */ = {isa = PBXBuildFile; fileRef = 6DD1CAD918F92029007D383A /* katrina-kaif.png */; };
		6DD1CADD18F9BAB2007D383A /* Image.m in Sources */ = {isa = PBXBuildFile; fileRef = 6DD1CADC18F9BAB2007D383A /* Image.m */; };
		6DD1CADF18FB0CCE007D383A /* placeholder.png in Resources */ = {isa = PBXBuildFile; fileRef = 6DD1CADE18FB0CCE007D383A /* placeholder.png */; };
		6DD1CAE418FF62EC007D383A /* PGPSItemDetailViewController.m in Sources */ = {isa = PBXBuildFile; fileRef = 6DD1CAE218FF62EC007D383A /* PGPSItemDetailViewController.m */; };
		6DD1CAE518FF62EC007D383A /* PGPSItemDetailViewController.xib in Resources */ = {isa = PBXBuildFile; fileRef = 6DD1CAE318FF62EC007D383A /* PGPSItemDetailViewController.xib */; };
		6DEF2CD0188F9D8D00BC1A2E /* Foundation.framework in Frameworks */ = {isa = PBXBuildFile; fileRef = 6DEF2CCF188F9D8D00BC1A2E /* Foundation.framework */; };
		6DEF2CD2188F9D8D00BC1A2E /* CoreGraphics.framework in Frameworks */ = {isa = PBXBuildFile; fileRef = 6DEF2CD1188F9D8D00BC1A2E /* CoreGraphics.framework */; };
		6DEF2CD4188F9D8D00BC1A2E /* UIKit.framework in Frameworks */ = {isa = PBXBuildFile; fileRef = 6DEF2CD3188F9D8D00BC1A2E /* UIKit.framework */; };
		6DEF2CD6188F9D8D00BC1A2E /* CoreData.framework in Frameworks */ = {isa = PBXBuildFile; fileRef = 6DEF2CD5188F9D8D00BC1A2E /* CoreData.framework */; };
		6DEF2CDC188F9D8D00BC1A2E /* InfoPlist.strings in Resources */ = {isa = PBXBuildFile; fileRef = 6DEF2CDA188F9D8D00BC1A2E /* InfoPlist.strings */; };
		6DEF2CDE188F9D8D00BC1A2E /* main.m in Sources */ = {isa = PBXBuildFile; fileRef = 6DEF2CDD188F9D8D00BC1A2E /* main.m */; };
		6DEF2CE5188F9D8D00BC1A2E /* ProductGPS.xcdatamodeld in Sources */ = {isa = PBXBuildFile; fileRef = 6DEF2CE3188F9D8D00BC1A2E /* ProductGPS.xcdatamodeld */; };
		6DEF2CE7188F9D8D00BC1A2E /* Images.xcassets in Resources */ = {isa = PBXBuildFile; fileRef = 6DEF2CE6188F9D8D00BC1A2E /* Images.xcassets */; };
		6DEF2CEE188F9D8D00BC1A2E /* XCTest.framework in Frameworks */ = {isa = PBXBuildFile; fileRef = 6DEF2CED188F9D8D00BC1A2E /* XCTest.framework */; };
		6DEF2CEF188F9D8D00BC1A2E /* Foundation.framework in Frameworks */ = {isa = PBXBuildFile; fileRef = 6DEF2CCF188F9D8D00BC1A2E /* Foundation.framework */; };
		6DEF2CF0188F9D8D00BC1A2E /* UIKit.framework in Frameworks */ = {isa = PBXBuildFile; fileRef = 6DEF2CD3188F9D8D00BC1A2E /* UIKit.framework */; };
		6DEF2CF1188F9D8D00BC1A2E /* CoreData.framework in Frameworks */ = {isa = PBXBuildFile; fileRef = 6DEF2CD5188F9D8D00BC1A2E /* CoreData.framework */; };
		6DEF2CF9188F9D8D00BC1A2E /* InfoPlist.strings in Resources */ = {isa = PBXBuildFile; fileRef = 6DEF2CF7188F9D8D00BC1A2E /* InfoPlist.strings */; };
		6DEF2CFB188F9D8D00BC1A2E /* ProductGPSTests.m in Sources */ = {isa = PBXBuildFile; fileRef = 6DEF2CFA188F9D8D00BC1A2E /* ProductGPSTests.m */; };
		6DEF2D09188F9E0000BC1A2E /* AppDelegate.m in Sources */ = {isa = PBXBuildFile; fileRef = 6DEF2D07188F9E0000BC1A2E /* AppDelegate.m */; };
		6DEF2D3D188FAE9D00BC1A2E /* MainMenuViewController.m in Sources */ = {isa = PBXBuildFile; fileRef = 6DEF2D37188FAE9D00BC1A2E /* MainMenuViewController.m */; };
		6DEF2D3E188FAE9D00BC1A2E /* MainMenuViewController.xib in Resources */ = {isa = PBXBuildFile; fileRef = 6DEF2D38188FAE9D00BC1A2E /* MainMenuViewController.xib */; };
/* End PBXBuildFile section */

/* Begin PBXContainerItemProxy section */
		6DEF2CF2188F9D8D00BC1A2E /* PBXContainerItemProxy */ = {
			isa = PBXContainerItemProxy;
			containerPortal = 6DEF2CC4188F9D8D00BC1A2E /* Project object */;
			proxyType = 1;
			remoteGlobalIDString = 6DEF2CCB188F9D8D00BC1A2E;
			remoteInfo = ProductGPS;
		};
/* End PBXContainerItemProxy section */

/* Begin PBXFileReference section */
		6D67457F18DE5F50002EF799 /* MobileCoreServices.framework */ = {isa = PBXFileReference; lastKnownFileType = wrapper.framework; name = MobileCoreServices.framework; path = System/Library/Frameworks/MobileCoreServices.framework; sourceTree = SDKROOT; };
		6D67458118DE5F59002EF799 /* SystemConfiguration.framework */ = {isa = PBXFileReference; lastKnownFileType = wrapper.framework; name = SystemConfiguration.framework; path = System/Library/Frameworks/SystemConfiguration.framework; sourceTree = SDKROOT; };
		6D67458318DE5F60002EF799 /* CFNetwork.framework */ = {isa = PBXFileReference; lastKnownFileType = wrapper.framework; name = CFNetwork.framework; path = System/Library/Frameworks/CFNetwork.framework; sourceTree = SDKROOT; };
		6D67458718DE5FF2002EF799 /* AFHTTPRequestOperation.h */ = {isa = PBXFileReference; fileEncoding = 4; lastKnownFileType = sourcecode.c.h; path = AFHTTPRequestOperation.h; sourceTree = "<group>"; };
		6D67458818DE5FF2002EF799 /* AFHTTPRequestOperation.m */ = {isa = PBXFileReference; fileEncoding = 4; lastKnownFileType = sourcecode.c.objc; path = AFHTTPRequestOperation.m; sourceTree = "<group>"; };
		6D67458918DE5FF2002EF799 /* AFHTTPRequestOperationManager.h */ = {isa = PBXFileReference; fileEncoding = 4; lastKnownFileType = sourcecode.c.h; path = AFHTTPRequestOperationManager.h; sourceTree = "<group>"; };
		6D67458A18DE5FF2002EF799 /* AFHTTPRequestOperationManager.m */ = {isa = PBXFileReference; fileEncoding = 4; lastKnownFileType = sourcecode.c.objc; path = AFHTTPRequestOperationManager.m; sourceTree = "<group>"; };
		6D67458B18DE5FF2002EF799 /* AFHTTPSessionManager.h */ = {isa = PBXFileReference; fileEncoding = 4; lastKnownFileType = sourcecode.c.h; path = AFHTTPSessionManager.h; sourceTree = "<group>"; };
		6D67458C18DE5FF2002EF799 /* AFHTTPSessionManager.m */ = {isa = PBXFileReference; fileEncoding = 4; lastKnownFileType = sourcecode.c.objc; path = AFHTTPSessionManager.m; sourceTree = "<group>"; };
		6D67458D18DE5FF2002EF799 /* AFNetworking.h */ = {isa = PBXFileReference; fileEncoding = 4; lastKnownFileType = sourcecode.c.h; path = AFNetworking.h; sourceTree = "<group>"; };
		6D67458E18DE5FF2002EF799 /* AFNetworkReachabilityManager.h */ = {isa = PBXFileReference; fileEncoding = 4; lastKnownFileType = sourcecode.c.h; path = AFNetworkReachabilityManager.h; sourceTree = "<group>"; };
		6D67458F18DE5FF2002EF799 /* AFNetworkReachabilityManager.m */ = {isa = PBXFileReference; fileEncoding = 4; lastKnownFileType = sourcecode.c.objc; path = AFNetworkReachabilityManager.m; sourceTree = "<group>"; };
		6D67459018DE5FF2002EF799 /* AFSecurityPolicy.h */ = {isa = PBXFileReference; fileEncoding = 4; lastKnownFileType = sourcecode.c.h; path = AFSecurityPolicy.h; sourceTree = "<group>"; };
		6D67459118DE5FF2002EF799 /* AFSecurityPolicy.m */ = {isa = PBXFileReference; fileEncoding = 4; lastKnownFileType = sourcecode.c.objc; path = AFSecurityPolicy.m; sourceTree = "<group>"; };
		6D67459218DE5FF2002EF799 /* AFURLConnectionOperation.h */ = {isa = PBXFileReference; fileEncoding = 4; lastKnownFileType = sourcecode.c.h; path = AFURLConnectionOperation.h; sourceTree = "<group>"; };
		6D67459318DE5FF2002EF799 /* AFURLConnectionOperation.m */ = {isa = PBXFileReference; fileEncoding = 4; lastKnownFileType = sourcecode.c.objc; path = AFURLConnectionOperation.m; sourceTree = "<group>"; };
		6D67459418DE5FF2002EF799 /* AFURLRequestSerialization.h */ = {isa = PBXFileReference; fileEncoding = 4; lastKnownFileType = sourcecode.c.h; path = AFURLRequestSerialization.h; sourceTree = "<group>"; };
		6D67459518DE5FF2002EF799 /* AFURLRequestSerialization.m */ = {isa = PBXFileReference; fileEncoding = 4; lastKnownFileType = sourcecode.c.objc; path = AFURLRequestSerialization.m; sourceTree = "<group>"; };
		6D67459618DE5FF2002EF799 /* AFURLResponseSerialization.h */ = {isa = PBXFileReference; fileEncoding = 4; lastKnownFileType = sourcecode.c.h; path = AFURLResponseSerialization.h; sourceTree = "<group>"; };
		6D67459718DE5FF2002EF799 /* AFURLResponseSerialization.m */ = {isa = PBXFileReference; fileEncoding = 4; lastKnownFileType = sourcecode.c.objc; path = AFURLResponseSerialization.m; sourceTree = "<group>"; };
		6D67459818DE5FF2002EF799 /* AFURLSessionManager.h */ = {isa = PBXFileReference; fileEncoding = 4; lastKnownFileType = sourcecode.c.h; path = AFURLSessionManager.h; sourceTree = "<group>"; };
		6D67459918DE5FF2002EF799 /* AFURLSessionManager.m */ = {isa = PBXFileReference; fileEncoding = 4; lastKnownFileType = sourcecode.c.objc; path = AFURLSessionManager.m; sourceTree = "<group>"; };
		6D67459B18DE5FF2002EF799 /* AFNetworkActivityIndicatorManager.h */ = {isa = PBXFileReference; fileEncoding = 4; lastKnownFileType = sourcecode.c.h; path = AFNetworkActivityIndicatorManager.h; sourceTree = "<group>"; };
		6D67459C18DE5FF2002EF799 /* AFNetworkActivityIndicatorManager.m */ = {isa = PBXFileReference; fileEncoding = 4; lastKnownFileType = sourcecode.c.objc; path = AFNetworkActivityIndicatorManager.m; sourceTree = "<group>"; };
		6D67459D18DE5FF2002EF799 /* UIActivityIndicatorView+AFNetworking.h */ = {isa = PBXFileReference; fileEncoding = 4; lastKnownFileType = sourcecode.c.h; path = "UIActivityIndicatorView+AFNetworking.h"; sourceTree = "<group>"; };
		6D67459E18DE5FF2002EF799 /* UIActivityIndicatorView+AFNetworking.m */ = {isa = PBXFileReference; fileEncoding = 4; lastKnownFileType = sourcecode.c.objc; path = "UIActivityIndicatorView+AFNetworking.m"; sourceTree = "<group>"; };
		6D67459F18DE5FF2002EF799 /* UIAlertView+AFNetworking.h */ = {isa = PBXFileReference; fileEncoding = 4; lastKnownFileType = sourcecode.c.h; path = "UIAlertView+AFNetworking.h"; sourceTree = "<group>"; };
		6D6745A018DE5FF2002EF799 /* UIAlertView+AFNetworking.m */ = {isa = PBXFileReference; fileEncoding = 4; lastKnownFileType = sourcecode.c.objc; path = "UIAlertView+AFNetworking.m"; sourceTree = "<group>"; };
		6D6745A118DE5FF2002EF799 /* UIButton+AFNetworking.h */ = {isa = PBXFileReference; fileEncoding = 4; lastKnownFileType = sourcecode.c.h; path = "UIButton+AFNetworking.h"; sourceTree = "<group>"; };
		6D6745A218DE5FF2002EF799 /* UIButton+AFNetworking.m */ = {isa = PBXFileReference; fileEncoding = 4; lastKnownFileType = sourcecode.c.objc; path = "UIButton+AFNetworking.m"; sourceTree = "<group>"; };
		6D6745A318DE5FF2002EF799 /* UIImageView+AFNetworking.h */ = {isa = PBXFileReference; fileEncoding = 4; lastKnownFileType = sourcecode.c.h; path = "UIImageView+AFNetworking.h"; sourceTree = "<group>"; };
		6D6745A418DE5FF2002EF799 /* UIImageView+AFNetworking.m */ = {isa = PBXFileReference; fileEncoding = 4; lastKnownFileType = sourcecode.c.objc; path = "UIImageView+AFNetworking.m"; sourceTree = "<group>"; };
		6D6745A518DE5FF2002EF799 /* UIKit+AFNetworking.h */ = {isa = PBXFileReference; fileEncoding = 4; lastKnownFileType = sourcecode.c.h; path = "UIKit+AFNetworking.h"; sourceTree = "<group>"; };
		6D6745A618DE5FF2002EF799 /* UIProgressView+AFNetworking.h */ = {isa = PBXFileReference; fileEncoding = 4; lastKnownFileType = sourcecode.c.h; path = "UIProgressView+AFNetworking.h"; sourceTree = "<group>"; };
		6D6745A718DE5FF2002EF799 /* UIProgressView+AFNetworking.m */ = {isa = PBXFileReference; fileEncoding = 4; lastKnownFileType = sourcecode.c.objc; path = "UIProgressView+AFNetworking.m"; sourceTree = "<group>"; };
		6D6745A818DE5FF2002EF799 /* UIRefreshControl+AFNetworking.h */ = {isa = PBXFileReference; fileEncoding = 4; lastKnownFileType = sourcecode.c.h; path = "UIRefreshControl+AFNetworking.h"; sourceTree = "<group>"; };
		6D6745A918DE5FF2002EF799 /* UIRefreshControl+AFNetworking.m */ = {isa = PBXFileReference; fileEncoding = 4; lastKnownFileType = sourcecode.c.objc; path = "UIRefreshControl+AFNetworking.m"; sourceTree = "<group>"; };
		6D6745AA18DE5FF2002EF799 /* UIWebView+AFNetworking.h */ = {isa = PBXFileReference; fileEncoding = 4; lastKnownFileType = sourcecode.c.h; path = "UIWebView+AFNetworking.h"; sourceTree = "<group>"; };
		6D6745AB18DE5FF2002EF799 /* UIWebView+AFNetworking.m */ = {isa = PBXFileReference; fileEncoding = 4; lastKnownFileType = sourcecode.c.objc; path = "UIWebView+AFNetworking.m"; sourceTree = "<group>"; };
		6D6745BE18DE6075002EF799 /* PGPSProductStore.h */ = {isa = PBXFileReference; fileEncoding = 4; lastKnownFileType = sourcecode.c.h; path = PGPSProductStore.h; sourceTree = "<group>"; };
		6D6745BF18DE6075002EF799 /* PGPSProductStore.m */ = {isa = PBXFileReference; fileEncoding = 4; lastKnownFileType = sourcecode.c.objc; path = PGPSProductStore.m; sourceTree = "<group>"; };
		6D6745C118DE6379002EF799 /* AdSupport.framework */ = {isa = PBXFileReference; lastKnownFileType = wrapper.framework; name = AdSupport.framework; path = System/Library/Frameworks/AdSupport.framework; sourceTree = SDKROOT; };
		6D6745C418DEC079002EF799 /* Product.h */ = {isa = PBXFileReference; fileEncoding = 4; lastKnownFileType = sourcecode.c.h; path = Product.h; sourceTree = "<group>"; };
		6D6745C518DEC079002EF799 /* Product.m */ = {isa = PBXFileReference; fileEncoding = 4; lastKnownFileType = sourcecode.c.objc; path = Product.m; sourceTree = "<group>"; };
		6D6745C718DEC1D6002EF799 /* Address.h */ = {isa = PBXFileReference; fileEncoding = 4; lastKnownFileType = sourcecode.c.h; path = Address.h; sourceTree = "<group>"; };
		6D6745C818DEC1D6002EF799 /* Address.m */ = {isa = PBXFileReference; fileEncoding = 4; lastKnownFileType = sourcecode.c.objc; path = Address.m; sourceTree = "<group>"; };
		6D6745CB18DEC35D002EF799 /* ProductAssembler.h */ = {isa = PBXFileReference; fileEncoding = 4; lastKnownFileType = sourcecode.c.h; path = ProductAssembler.h; sourceTree = "<group>"; };
		6D6745CC18DEC35D002EF799 /* ProductAssembler.m */ = {isa = PBXFileReference; fileEncoding = 4; lastKnownFileType = sourcecode.c.objc; path = ProductAssembler.m; sourceTree = "<group>"; };
		6D6745CE18E93BF8002EF799 /* CoreLocation.framework */ = {isa = PBXFileReference; lastKnownFileType = wrapper.framework; name = CoreLocation.framework; path = System/Library/Frameworks/CoreLocation.framework; sourceTree = SDKROOT; };
		6D6745D018E940A0002EF799 /* PGPSLocationManager.h */ = {isa = PBXFileReference; fileEncoding = 4; lastKnownFileType = sourcecode.c.h; path = PGPSLocationManager.h; sourceTree = "<group>"; };
		6D6745D118E940A0002EF799 /* PGPSLocationManager.m */ = {isa = PBXFileReference; fileEncoding = 4; lastKnownFileType = sourcecode.c.objc; path = PGPSLocationManager.m; sourceTree = "<group>"; };
		6DD1CAC918F91BBD007D383A /* PGPSItemGridViewController.h */ = {isa = PBXFileReference; fileEncoding = 4; lastKnownFileType = sourcecode.c.h; path = PGPSItemGridViewController.h; sourceTree = "<group>"; };
		6DD1CACA18F91BBD007D383A /* PGPSItemGridViewController.m */ = {isa = PBXFileReference; fileEncoding = 4; lastKnownFileType = sourcecode.c.objc; path = PGPSItemGridViewController.m; sourceTree = "<group>"; };
		6DD1CACB18F91BBD007D383A /* PGPSItemGridViewController.xib */ = {isa = PBXFileReference; fileEncoding = 4; lastKnownFileType = file.xib; path = PGPSItemGridViewController.xib; sourceTree = "<group>"; };
		6DD1CAD318F91DD0007D383A /* PGPSItemGridViewCell.h */ = {isa = PBXFileReference; fileEncoding = 4; lastKnownFileType = sourcecode.c.h; path = PGPSItemGridViewCell.h; sourceTree = "<group>"; };
		6DD1CAD418F91DD0007D383A /* PGPSItemGridViewCell.m */ = {isa = PBXFileReference; fileEncoding = 4; lastKnownFileType = sourcecode.c.objc; path = PGPSItemGridViewCell.m; sourceTree = "<group>"; };
		6DD1CAD618F91DF6007D383A /* PGPSItemGridViewCell.xib */ = {isa = PBXFileReference; fileEncoding = 4; lastKnownFileType = file.xib; path = PGPSItemGridViewCell.xib; sourceTree = "<group>"; };
		6DD1CAD918F92029007D383A /* katrina-kaif.png */ = {isa = PBXFileReference; lastKnownFileType = image.png; path = "katrina-kaif.png"; sourceTree = "<group>"; };
		6DD1CADB18F9BAB2007D383A /* Image.h */ = {isa = PBXFileReference; fileEncoding = 4; lastKnownFileType = sourcecode.c.h; path = Image.h; sourceTree = "<group>"; };
		6DD1CADC18F9BAB2007D383A /* Image.m */ = {isa = PBXFileReference; fileEncoding = 4; lastKnownFileType = sourcecode.c.objc; path = Image.m; sourceTree = "<group>"; };
		6DD1CADE18FB0CCE007D383A /* placeholder.png */ = {isa = PBXFileReference; lastKnownFileType = image.png; path = placeholder.png; sourceTree = "<group>"; };
		6DD1CAE118FF62EC007D383A /* PGPSItemDetailViewController.h */ = {isa = PBXFileReference; fileEncoding = 4; lastKnownFileType = sourcecode.c.h; path = PGPSItemDetailViewController.h; sourceTree = "<group>"; };
		6DD1CAE218FF62EC007D383A /* PGPSItemDetailViewController.m */ = {isa = PBXFileReference; fileEncoding = 4; lastKnownFileType = sourcecode.c.objc; path = PGPSItemDetailViewController.m; sourceTree = "<group>"; };
		6DD1CAE318FF62EC007D383A /* PGPSItemDetailViewController.xib */ = {isa = PBXFileReference; fileEncoding = 4; lastKnownFileType = file.xib; path = PGPSItemDetailViewController.xib; sourceTree = "<group>"; };
		6DEF2CCC188F9D8D00BC1A2E /* ProductGPS.app */ = {isa = PBXFileReference; explicitFileType = wrapper.application; includeInIndex = 0; path = ProductGPS.app; sourceTree = BUILT_PRODUCTS_DIR; };
		6DEF2CCF188F9D8D00BC1A2E /* Foundation.framework */ = {isa = PBXFileReference; lastKnownFileType = wrapper.framework; name = Foundation.framework; path = System/Library/Frameworks/Foundation.framework; sourceTree = SDKROOT; };
		6DEF2CD1188F9D8D00BC1A2E /* CoreGraphics.framework */ = {isa = PBXFileReference; lastKnownFileType = wrapper.framework; name = CoreGraphics.framework; path = System/Library/Frameworks/CoreGraphics.framework; sourceTree = SDKROOT; };
		6DEF2CD3188F9D8D00BC1A2E /* UIKit.framework */ = {isa = PBXFileReference; lastKnownFileType = wrapper.framework; name = UIKit.framework; path = System/Library/Frameworks/UIKit.framework; sourceTree = SDKROOT; };
		6DEF2CD5188F9D8D00BC1A2E /* CoreData.framework */ = {isa = PBXFileReference; lastKnownFileType = wrapper.framework; name = CoreData.framework; path = System/Library/Frameworks/CoreData.framework; sourceTree = SDKROOT; };
		6DEF2CD9188F9D8D00BC1A2E /* ProductGPS-Info.plist */ = {isa = PBXFileReference; lastKnownFileType = text.plist.xml; path = "ProductGPS-Info.plist"; sourceTree = "<group>"; };
		6DEF2CDB188F9D8D00BC1A2E /* en */ = {isa = PBXFileReference; lastKnownFileType = text.plist.strings; name = en; path = en.lproj/InfoPlist.strings; sourceTree = "<group>"; };
		6DEF2CDD188F9D8D00BC1A2E /* main.m */ = {isa = PBXFileReference; lastKnownFileType = sourcecode.c.objc; path = main.m; sourceTree = "<group>"; };
		6DEF2CDF188F9D8D00BC1A2E /* ProductGPS-Prefix.pch */ = {isa = PBXFileReference; lastKnownFileType = sourcecode.c.h; path = "ProductGPS-Prefix.pch"; sourceTree = "<group>"; };
		6DEF2CE4188F9D8D00BC1A2E /* ProductGPS.xcdatamodel */ = {isa = PBXFileReference; lastKnownFileType = wrapper.xcdatamodel; path = ProductGPS.xcdatamodel; sourceTree = "<group>"; };
		6DEF2CE6188F9D8D00BC1A2E /* Images.xcassets */ = {isa = PBXFileReference; lastKnownFileType = folder.assetcatalog; path = Images.xcassets; sourceTree = "<group>"; };
		6DEF2CEC188F9D8D00BC1A2E /* ProductGPSTests.xctest */ = {isa = PBXFileReference; explicitFileType = wrapper.cfbundle; includeInIndex = 0; path = ProductGPSTests.xctest; sourceTree = BUILT_PRODUCTS_DIR; };
		6DEF2CED188F9D8D00BC1A2E /* XCTest.framework */ = {isa = PBXFileReference; lastKnownFileType = wrapper.framework; name = XCTest.framework; path = Library/Frameworks/XCTest.framework; sourceTree = DEVELOPER_DIR; };
		6DEF2CF6188F9D8D00BC1A2E /* ProductGPSTests-Info.plist */ = {isa = PBXFileReference; lastKnownFileType = text.plist.xml; path = "ProductGPSTests-Info.plist"; sourceTree = "<group>"; };
		6DEF2CF8188F9D8D00BC1A2E /* en */ = {isa = PBXFileReference; lastKnownFileType = text.plist.strings; name = en; path = en.lproj/InfoPlist.strings; sourceTree = "<group>"; };
		6DEF2CFA188F9D8D00BC1A2E /* ProductGPSTests.m */ = {isa = PBXFileReference; lastKnownFileType = sourcecode.c.objc; path = ProductGPSTests.m; sourceTree = "<group>"; };
		6DEF2D06188F9E0000BC1A2E /* AppDelegate.h */ = {isa = PBXFileReference; fileEncoding = 4; lastKnownFileType = sourcecode.c.h; path = AppDelegate.h; sourceTree = "<group>"; };
		6DEF2D07188F9E0000BC1A2E /* AppDelegate.m */ = {isa = PBXFileReference; fileEncoding = 4; lastKnownFileType = sourcecode.c.objc; path = AppDelegate.m; sourceTree = "<group>"; };
		6DEF2D36188FAE9D00BC1A2E /* MainMenuViewController.h */ = {isa = PBXFileReference; fileEncoding = 4; lastKnownFileType = sourcecode.c.h; path = MainMenuViewController.h; sourceTree = "<group>"; };
		6DEF2D37188FAE9D00BC1A2E /* MainMenuViewController.m */ = {isa = PBXFileReference; fileEncoding = 4; lastKnownFileType = sourcecode.c.objc; path = MainMenuViewController.m; sourceTree = "<group>"; };
		6DEF2D38188FAE9D00BC1A2E /* MainMenuViewController.xib */ = {isa = PBXFileReference; fileEncoding = 4; lastKnownFileType = file.xib; path = MainMenuViewController.xib; sourceTree = "<group>"; };
/* End PBXFileReference section */

/* Begin PBXFrameworksBuildPhase section */
		6DEF2CC9188F9D8D00BC1A2E /* Frameworks */ = {
			isa = PBXFrameworksBuildPhase;
			buildActionMask = 2147483647;
			files = (
				6D6745CF18E93BFA002EF799 /* CoreLocation.framework in Frameworks */,
				6D6745C218DE6379002EF799 /* AdSupport.framework in Frameworks */,
				6D67458418DE5F60002EF799 /* CFNetwork.framework in Frameworks */,
				6D67458218DE5F59002EF799 /* SystemConfiguration.framework in Frameworks */,
				6D67458018DE5F50002EF799 /* MobileCoreServices.framework in Frameworks */,
				6DEF2CD2188F9D8D00BC1A2E /* CoreGraphics.framework in Frameworks */,
				6DEF2CD6188F9D8D00BC1A2E /* CoreData.framework in Frameworks */,
				6DEF2CD4188F9D8D00BC1A2E /* UIKit.framework in Frameworks */,
				6DEF2CD0188F9D8D00BC1A2E /* Foundation.framework in Frameworks */,
			);
			runOnlyForDeploymentPostprocessing = 0;
		};
		6DEF2CE9188F9D8D00BC1A2E /* Frameworks */ = {
			isa = PBXFrameworksBuildPhase;
			buildActionMask = 2147483647;
			files = (
				6DEF2CEE188F9D8D00BC1A2E /* XCTest.framework in Frameworks */,
				6DEF2CF1188F9D8D00BC1A2E /* CoreData.framework in Frameworks */,
				6DEF2CF0188F9D8D00BC1A2E /* UIKit.framework in Frameworks */,
				6DEF2CEF188F9D8D00BC1A2E /* Foundation.framework in Frameworks */,
			);
			runOnlyForDeploymentPostprocessing = 0;
		};
/* End PBXFrameworksBuildPhase section */

/* Begin PBXGroup section */
		6D67458518DE5FF2002EF799 /* Third party sdk */ = {
			isa = PBXGroup;
			children = (
				6D67458618DE5FF2002EF799 /* AFNetworking */,
				6D67459A18DE5FF2002EF799 /* UIKit+AFNetworking */,
			);
			path = "Third party sdk";
			sourceTree = "<group>";
		};
		6D67458618DE5FF2002EF799 /* AFNetworking */ = {
			isa = PBXGroup;
			children = (
				6D67458718DE5FF2002EF799 /* AFHTTPRequestOperation.h */,
				6D67458818DE5FF2002EF799 /* AFHTTPRequestOperation.m */,
				6D67458918DE5FF2002EF799 /* AFHTTPRequestOperationManager.h */,
				6D67458A18DE5FF2002EF799 /* AFHTTPRequestOperationManager.m */,
				6D67458B18DE5FF2002EF799 /* AFHTTPSessionManager.h */,
				6D67458C18DE5FF2002EF799 /* AFHTTPSessionManager.m */,
				6D67458D18DE5FF2002EF799 /* AFNetworking.h */,
				6D67458E18DE5FF2002EF799 /* AFNetworkReachabilityManager.h */,
				6D67458F18DE5FF2002EF799 /* AFNetworkReachabilityManager.m */,
				6D67459018DE5FF2002EF799 /* AFSecurityPolicy.h */,
				6D67459118DE5FF2002EF799 /* AFSecurityPolicy.m */,
				6D67459218DE5FF2002EF799 /* AFURLConnectionOperation.h */,
				6D67459318DE5FF2002EF799 /* AFURLConnectionOperation.m */,
				6D67459418DE5FF2002EF799 /* AFURLRequestSerialization.h */,
				6D67459518DE5FF2002EF799 /* AFURLRequestSerialization.m */,
				6D67459618DE5FF2002EF799 /* AFURLResponseSerialization.h */,
				6D67459718DE5FF2002EF799 /* AFURLResponseSerialization.m */,
				6D67459818DE5FF2002EF799 /* AFURLSessionManager.h */,
				6D67459918DE5FF2002EF799 /* AFURLSessionManager.m */,
			);
			path = AFNetworking;
			sourceTree = "<group>";
		};
		6D67459A18DE5FF2002EF799 /* UIKit+AFNetworking */ = {
			isa = PBXGroup;
			children = (
				6D67459B18DE5FF2002EF799 /* AFNetworkActivityIndicatorManager.h */,
				6D67459C18DE5FF2002EF799 /* AFNetworkActivityIndicatorManager.m */,
				6D67459D18DE5FF2002EF799 /* UIActivityIndicatorView+AFNetworking.h */,
				6D67459E18DE5FF2002EF799 /* UIActivityIndicatorView+AFNetworking.m */,
				6D67459F18DE5FF2002EF799 /* UIAlertView+AFNetworking.h */,
				6D6745A018DE5FF2002EF799 /* UIAlertView+AFNetworking.m */,
				6D6745A118DE5FF2002EF799 /* UIButton+AFNetworking.h */,
				6D6745A218DE5FF2002EF799 /* UIButton+AFNetworking.m */,
				6D6745A318DE5FF2002EF799 /* UIImageView+AFNetworking.h */,
				6D6745A418DE5FF2002EF799 /* UIImageView+AFNetworking.m */,
				6D6745A518DE5FF2002EF799 /* UIKit+AFNetworking.h */,
				6D6745A618DE5FF2002EF799 /* UIProgressView+AFNetworking.h */,
				6D6745A718DE5FF2002EF799 /* UIProgressView+AFNetworking.m */,
				6D6745A818DE5FF2002EF799 /* UIRefreshControl+AFNetworking.h */,
				6D6745A918DE5FF2002EF799 /* UIRefreshControl+AFNetworking.m */,
				6D6745AA18DE5FF2002EF799 /* UIWebView+AFNetworking.h */,
				6D6745AB18DE5FF2002EF799 /* UIWebView+AFNetworking.m */,
			);
			path = "UIKit+AFNetworking";
			sourceTree = "<group>";
		};
		6D6745BD18DE6041002EF799 /* Store */ = {
			isa = PBXGroup;
			children = (
				6D6745CA18DEC34B002EF799 /* Assembler */,
				6D6745C318DEC062002EF799 /* Models */,
				6D6745BE18DE6075002EF799 /* PGPSProductStore.h */,
				6D6745BF18DE6075002EF799 /* PGPSProductStore.m */,
				6D6745D018E940A0002EF799 /* PGPSLocationManager.h */,
				6D6745D118E940A0002EF799 /* PGPSLocationManager.m */,
			);
			path = Store;
			sourceTree = "<group>";
		};
		6D6745C318DEC062002EF799 /* Models */ = {
			isa = PBXGroup;
			children = (
				6D6745C418DEC079002EF799 /* Product.h */,
				6D6745C518DEC079002EF799 /* Product.m */,
				6D6745C718DEC1D6002EF799 /* Address.h */,
				6D6745C818DEC1D6002EF799 /* Address.m */,
				6DD1CADB18F9BAB2007D383A /* Image.h */,
				6DD1CADC18F9BAB2007D383A /* Image.m */,
			);
			path = Models;
			sourceTree = "<group>";
		};
		6D6745CA18DEC34B002EF799 /* Assembler */ = {
			isa = PBXGroup;
			children = (
				6D6745CB18DEC35D002EF799 /* ProductAssembler.h */,
				6D6745CC18DEC35D002EF799 /* ProductAssembler.m */,
			);
			path = Assembler;
			sourceTree = "<group>";
		};
		6DD1CAC818F91BBD007D383A /* Item Grid VC */ = {
			isa = PBXGroup;
			children = (
				6DD1CAD818F92029007D383A /* images */,
				6DD1CAC918F91BBD007D383A /* PGPSItemGridViewController.h */,
				6DD1CACA18F91BBD007D383A /* PGPSItemGridViewController.m */,
				6DD1CACB18F91BBD007D383A /* PGPSItemGridViewController.xib */,
				6DD1CAD318F91DD0007D383A /* PGPSItemGridViewCell.h */,
				6DD1CAD418F91DD0007D383A /* PGPSItemGridViewCell.m */,
				6DD1CAD618F91DF6007D383A /* PGPSItemGridViewCell.xib */,
			);
			path = "Item Grid VC";
			sourceTree = "<group>";
		};
		6DD1CAD818F92029007D383A /* images */ = {
			isa = PBXGroup;
			children = (
				6DD1CADE18FB0CCE007D383A /* placeholder.png */,
				6DD1CAD918F92029007D383A /* katrina-kaif.png */,
			);
			path = images;
			sourceTree = "<group>";
		};
		6DD1CAE018FF62D7007D383A /* Item Detail VC */ = {
			isa = PBXGroup;
			children = (
				6DD1CAE118FF62EC007D383A /* PGPSItemDetailViewController.h */,
				6DD1CAE218FF62EC007D383A /* PGPSItemDetailViewController.m */,
				6DD1CAE318FF62EC007D383A /* PGPSItemDetailViewController.xib */,
			);
			path = "Item Detail VC";
			sourceTree = "<group>";
		};
		6DEF2CC3188F9D8D00BC1A2E = {
			isa = PBXGroup;
			children = (
				6DEF2CD7188F9D8D00BC1A2E /* ProductGPS */,
				6DEF2CF4188F9D8D00BC1A2E /* ProductGPSTests */,
				6DEF2CCE188F9D8D00BC1A2E /* Frameworks */,
				6DEF2CCD188F9D8D00BC1A2E /* Products */,
			);
			sourceTree = "<group>";
		};
		6DEF2CCD188F9D8D00BC1A2E /* Products */ = {
			isa = PBXGroup;
			children = (
				6DEF2CCC188F9D8D00BC1A2E /* ProductGPS.app */,
				6DEF2CEC188F9D8D00BC1A2E /* ProductGPSTests.xctest */,
			);
			name = Products;
			sourceTree = "<group>";
		};
		6DEF2CCE188F9D8D00BC1A2E /* Frameworks */ = {
			isa = PBXGroup;
			children = (
				6D6745CE18E93BF8002EF799 /* CoreLocation.framework */,
				6D6745C118DE6379002EF799 /* AdSupport.framework */,
				6D67458318DE5F60002EF799 /* CFNetwork.framework */,
				6D67458118DE5F59002EF799 /* SystemConfiguration.framework */,
				6D67457F18DE5F50002EF799 /* MobileCoreServices.framework */,
				6DEF2CCF188F9D8D00BC1A2E /* Foundation.framework */,
				6DEF2CD1188F9D8D00BC1A2E /* CoreGraphics.framework */,
				6DEF2CD3188F9D8D00BC1A2E /* UIKit.framework */,
				6DEF2CD5188F9D8D00BC1A2E /* CoreData.framework */,
				6DEF2CED188F9D8D00BC1A2E /* XCTest.framework */,
			);
			name = Frameworks;
			sourceTree = "<group>";
		};
		6DEF2CD7188F9D8D00BC1A2E /* ProductGPS */ = {
			isa = PBXGroup;
			children = (
				6DEF2D05188F9E0000BC1A2E /* Application */,
				6DEF2CE6188F9D8D00BC1A2E /* Images.xcassets */,
				6DEF2CE3188F9D8D00BC1A2E /* ProductGPS.xcdatamodeld */,
				6DEF2CD8188F9D8D00BC1A2E /* Supporting Files */,
			);
			path = ProductGPS;
			sourceTree = "<group>";
		};
		6DEF2CD8188F9D8D00BC1A2E /* Supporting Files */ = {
			isa = PBXGroup;
			children = (
				6DEF2CD9188F9D8D00BC1A2E /* ProductGPS-Info.plist */,
				6DEF2CDA188F9D8D00BC1A2E /* InfoPlist.strings */,
				6DEF2CDD188F9D8D00BC1A2E /* main.m */,
				6DEF2CDF188F9D8D00BC1A2E /* ProductGPS-Prefix.pch */,
			);
			name = "Supporting Files";
			sourceTree = "<group>";
		};
		6DEF2CF4188F9D8D00BC1A2E /* ProductGPSTests */ = {
			isa = PBXGroup;
			children = (
				6DEF2CFA188F9D8D00BC1A2E /* ProductGPSTests.m */,
				6DEF2CF5188F9D8D00BC1A2E /* Supporting Files */,
			);
			path = ProductGPSTests;
			sourceTree = "<group>";
		};
		6DEF2CF5188F9D8D00BC1A2E /* Supporting Files */ = {
			isa = PBXGroup;
			children = (
				6DEF2CF6188F9D8D00BC1A2E /* ProductGPSTests-Info.plist */,
				6DEF2CF7188F9D8D00BC1A2E /* InfoPlist.strings */,
			);
			name = "Supporting Files";
			sourceTree = "<group>";
		};
		6DEF2D05188F9E0000BC1A2E /* Application */ = {
			isa = PBXGroup;
			children = (
				6D6745BD18DE6041002EF799 /* Store */,
				6D67458518DE5FF2002EF799 /* Third party sdk */,
				6DEF2D06188F9E0000BC1A2E /* AppDelegate.h */,
				6DEF2D07188F9E0000BC1A2E /* AppDelegate.m */,
				6DEF2D08188F9E0000BC1A2E /* UI */,
			);
			path = Application;
			sourceTree = "<group>";
		};
		6DEF2D08188F9E0000BC1A2E /* UI */ = {
			isa = PBXGroup;
			children = (
				6DD1CAE018FF62D7007D383A /* Item Detail VC */,
				6DD1CAC818F91BBD007D383A /* Item Grid VC */,
				6DEF2D35188FAE9D00BC1A2E /* Main Menu VC */,
			);
			path = UI;
			sourceTree = "<group>";
		};
		6DEF2D35188FAE9D00BC1A2E /* Main Menu VC */ = {
			isa = PBXGroup;
			children = (
				6DEF2D36188FAE9D00BC1A2E /* MainMenuViewController.h */,
				6DEF2D37188FAE9D00BC1A2E /* MainMenuViewController.m */,
				6DEF2D38188FAE9D00BC1A2E /* MainMenuViewController.xib */,
			);
			path = "Main Menu VC";
			sourceTree = "<group>";
		};
/* End PBXGroup section */

/* Begin PBXNativeTarget section */
		6DEF2CCB188F9D8D00BC1A2E /* ProductGPS */ = {
			isa = PBXNativeTarget;
			buildConfigurationList = 6DEF2CFE188F9D8D00BC1A2E /* Build configuration list for PBXNativeTarget "ProductGPS" */;
			buildPhases = (
				6DEF2CC8188F9D8D00BC1A2E /* Sources */,
				6DEF2CC9188F9D8D00BC1A2E /* Frameworks */,
				6DEF2CCA188F9D8D00BC1A2E /* Resources */,
			);
			buildRules = (
			);
			dependencies = (
			);
			name = ProductGPS;
			productName = ProductGPS;
			productReference = 6DEF2CCC188F9D8D00BC1A2E /* ProductGPS.app */;
			productType = "com.apple.product-type.application";
		};
		6DEF2CEB188F9D8D00BC1A2E /* ProductGPSTests */ = {
			isa = PBXNativeTarget;
			buildConfigurationList = 6DEF2D01188F9D8D00BC1A2E /* Build configuration list for PBXNativeTarget "ProductGPSTests" */;
			buildPhases = (
				6DEF2CE8188F9D8D00BC1A2E /* Sources */,
				6DEF2CE9188F9D8D00BC1A2E /* Frameworks */,
				6DEF2CEA188F9D8D00BC1A2E /* Resources */,
			);
			buildRules = (
			);
			dependencies = (
				6DEF2CF3188F9D8D00BC1A2E /* PBXTargetDependency */,
			);
			name = ProductGPSTests;
			productName = ProductGPSTests;
			productReference = 6DEF2CEC188F9D8D00BC1A2E /* ProductGPSTests.xctest */;
			productType = "com.apple.product-type.bundle.unit-test";
		};
/* End PBXNativeTarget section */

/* Begin PBXProject section */
		6DEF2CC4188F9D8D00BC1A2E /* Project object */ = {
			isa = PBXProject;
			attributes = {
				LastUpgradeCheck = 0500;
				ORGANIZATIONNAME = Heena;
				TargetAttributes = {
					6DEF2CCB188F9D8D00BC1A2E = {
						DevelopmentTeam = 2HP6RWL943;
					};
					6DEF2CEB188F9D8D00BC1A2E = {
						TestTargetID = 6DEF2CCB188F9D8D00BC1A2E;
					};
				};
			};
			buildConfigurationList = 6DEF2CC7188F9D8D00BC1A2E /* Build configuration list for PBXProject "ProductGPS" */;
			compatibilityVersion = "Xcode 3.2";
			developmentRegion = English;
			hasScannedForEncodings = 0;
			knownRegions = (
				en,
			);
			mainGroup = 6DEF2CC3188F9D8D00BC1A2E;
			productRefGroup = 6DEF2CCD188F9D8D00BC1A2E /* Products */;
			projectDirPath = "";
			projectRoot = "";
			targets = (
				6DEF2CCB188F9D8D00BC1A2E /* ProductGPS */,
				6DEF2CEB188F9D8D00BC1A2E /* ProductGPSTests */,
			);
		};
/* End PBXProject section */

/* Begin PBXResourcesBuildPhase section */
		6DEF2CCA188F9D8D00BC1A2E /* Resources */ = {
			isa = PBXResourcesBuildPhase;
			buildActionMask = 2147483647;
			files = (
				6DD1CAE518FF62EC007D383A /* PGPSItemDetailViewController.xib in Resources */,
				6DEF2CDC188F9D8D00BC1A2E /* InfoPlist.strings in Resources */,
				6DEF2CE7188F9D8D00BC1A2E /* Images.xcassets in Resources */,
				6DD1CAD718F91DF6007D383A /* PGPSItemGridViewCell.xib in Resources */,
				6DD1CADF18FB0CCE007D383A /* placeholder.png in Resources */,
				6DEF2D3E188FAE9D00BC1A2E /* MainMenuViewController.xib in Resources */,
				6DD1CADA18F92029007D383A /* katrina-kaif.png in Resources */,
				6DD1CACD18F91BBD007D383A /* PGPSItemGridViewController.xib in Resources */,
			);
			runOnlyForDeploymentPostprocessing = 0;
		};
		6DEF2CEA188F9D8D00BC1A2E /* Resources */ = {
			isa = PBXResourcesBuildPhase;
			buildActionMask = 2147483647;
			files = (
				6DEF2CF9188F9D8D00BC1A2E /* InfoPlist.strings in Resources */,
			);
			runOnlyForDeploymentPostprocessing = 0;
		};
/* End PBXResourcesBuildPhase section */

/* Begin PBXSourcesBuildPhase section */
		6DEF2CC8188F9D8D00BC1A2E /* Sources */ = {
			isa = PBXSourcesBuildPhase;
			buildActionMask = 2147483647;
			files = (
				6D6745BB18DE5FF2002EF799 /* UIRefreshControl+AFNetworking.m in Sources */,
				6DD1CACC18F91BBD007D383A /* PGPSItemGridViewController.m in Sources */,
				6DD1CAE418FF62EC007D383A /* PGPSItemDetailViewController.m in Sources */,
				6D6745C618DEC079002EF799 /* Product.m in Sources */,
				6D6745B118DE5FF2002EF799 /* AFURLConnectionOperation.m in Sources */,
				6DEF2CE5188F9D8D00BC1A2E /* ProductGPS.xcdatamodeld in Sources */,
				6D6745D218E940A0002EF799 /* PGPSLocationManager.m in Sources */,
				6D6745BA18DE5FF2002EF799 /* UIProgressView+AFNetworking.m in Sources */,
				6D6745B718DE5FF2002EF799 /* UIAlertView+AFNetworking.m in Sources */,
				6DEF2CDE188F9D8D00BC1A2E /* main.m in Sources */,
				6DD1CADD18F9BAB2007D383A /* Image.m in Sources */,
				6D6745CD18DEC35D002EF799 /* ProductAssembler.m in Sources */,
				6D6745B318DE5FF2002EF799 /* AFURLResponseSerialization.m in Sources */,
				6D6745C918DEC1D6002EF799 /* Address.m in Sources */,
				6D6745B818DE5FF2002EF799 /* UIButton+AFNetworking.m in Sources */,
				6D6745B618DE5FF2002EF799 /* UIActivityIndicatorView+AFNetworking.m in Sources */,
				6D6745B218DE5FF2002EF799 /* AFURLRequestSerialization.m in Sources */,
				6D6745C018DE6075002EF799 /* PGPSProductStore.m in Sources */,
				6D6745B518DE5FF2002EF799 /* AFNetworkActivityIndicatorManager.m in Sources */,
				6D6745B018DE5FF2002EF799 /* AFSecurityPolicy.m in Sources */,
				6D6745AC18DE5FF2002EF799 /* AFHTTPRequestOperation.m in Sources */,
				6D6745B418DE5FF2002EF799 /* AFURLSessionManager.m in Sources */,
				6DEF2D3D188FAE9D00BC1A2E /* MainMenuViewController.m in Sources */,
				6DD1CAD518F91DD0007D383A /* PGPSItemGridViewCell.m in Sources */,
				6DEF2D09188F9E0000BC1A2E /* AppDelegate.m in Sources */,
				6D6745AE18DE5FF2002EF799 /* AFHTTPSessionManager.m in Sources */,
				6D6745BC18DE5FF2002EF799 /* UIWebView+AFNetworking.m in Sources */,
				6D6745AF18DE5FF2002EF799 /* AFNetworkReachabilityManager.m in Sources */,
				6D6745B918DE5FF2002EF799 /* UIImageView+AFNetworking.m in Sources */,
				6D6745AD18DE5FF2002EF799 /* AFHTTPRequestOperationManager.m in Sources */,
			);
			runOnlyForDeploymentPostprocessing = 0;
		};
		6DEF2CE8188F9D8D00BC1A2E /* Sources */ = {
			isa = PBXSourcesBuildPhase;
			buildActionMask = 2147483647;
			files = (
				6DEF2CFB188F9D8D00BC1A2E /* ProductGPSTests.m in Sources */,
			);
			runOnlyForDeploymentPostprocessing = 0;
		};
/* End PBXSourcesBuildPhase section */

/* Begin PBXTargetDependency section */
		6DEF2CF3188F9D8D00BC1A2E /* PBXTargetDependency */ = {
			isa = PBXTargetDependency;
			target = 6DEF2CCB188F9D8D00BC1A2E /* ProductGPS */;
			targetProxy = 6DEF2CF2188F9D8D00BC1A2E /* PBXContainerItemProxy */;
		};
/* End PBXTargetDependency section */

/* Begin PBXVariantGroup section */
		6DEF2CDA188F9D8D00BC1A2E /* InfoPlist.strings */ = {
			isa = PBXVariantGroup;
			children = (
				6DEF2CDB188F9D8D00BC1A2E /* en */,
			);
			name = InfoPlist.strings;
			sourceTree = "<group>";
		};
		6DEF2CF7188F9D8D00BC1A2E /* InfoPlist.strings */ = {
			isa = PBXVariantGroup;
			children = (
				6DEF2CF8188F9D8D00BC1A2E /* en */,
			);
			name = InfoPlist.strings;
			sourceTree = "<group>";
		};
/* End PBXVariantGroup section */

/* Begin XCBuildConfiguration section */
		6DEF2CFC188F9D8D00BC1A2E /* Debug */ = {
			isa = XCBuildConfiguration;
			buildSettings = {
				ALWAYS_SEARCH_USER_PATHS = NO;
				ARCHS = "$(ARCHS_STANDARD_INCLUDING_64_BIT)";
				CLANG_CXX_LANGUAGE_STANDARD = "gnu++0x";
				CLANG_CXX_LIBRARY = "libc++";
				CLANG_ENABLE_MODULES = YES;
				CLANG_ENABLE_OBJC_ARC = YES;
				CLANG_WARN_BOOL_CONVERSION = YES;
				CLANG_WARN_CONSTANT_CONVERSION = YES;
				CLANG_WARN_DIRECT_OBJC_ISA_USAGE = YES_ERROR;
				CLANG_WARN_EMPTY_BODY = YES;
				CLANG_WARN_ENUM_CONVERSION = YES;
				CLANG_WARN_INT_CONVERSION = YES;
				CLANG_WARN_OBJC_ROOT_CLASS = YES_ERROR;
				CLANG_WARN__DUPLICATE_METHOD_MATCH = YES;
				"CODE_SIGN_IDENTITY[sdk=iphoneos*]" = "iPhone Developer";
				COPY_PHASE_STRIP = NO;
				GCC_C_LANGUAGE_STANDARD = gnu99;
				GCC_DYNAMIC_NO_PIC = NO;
				GCC_OPTIMIZATION_LEVEL = 0;
				GCC_PREPROCESSOR_DEFINITIONS = (
					"DEBUG=1",
					"$(inherited)",
				);
				GCC_SYMBOLS_PRIVATE_EXTERN = NO;
				GCC_WARN_64_TO_32_BIT_CONVERSION = YES;
				GCC_WARN_ABOUT_RETURN_TYPE = YES_ERROR;
				GCC_WARN_UNDECLARED_SELECTOR = YES;
				GCC_WARN_UNINITIALIZED_AUTOS = YES;
				GCC_WARN_UNUSED_FUNCTION = YES;
				GCC_WARN_UNUSED_VARIABLE = YES;
				IPHONEOS_DEPLOYMENT_TARGET = 7.0;
				ONLY_ACTIVE_ARCH = YES;
				SDKROOT = iphoneos;
			};
			name = Debug;
		};
		6DEF2CFD188F9D8D00BC1A2E /* Release */ = {
			isa = XCBuildConfiguration;
			buildSettings = {
				ALWAYS_SEARCH_USER_PATHS = NO;
				ARCHS = "$(ARCHS_STANDARD_INCLUDING_64_BIT)";
				CLANG_CXX_LANGUAGE_STANDARD = "gnu++0x";
				CLANG_CXX_LIBRARY = "libc++";
				CLANG_ENABLE_MODULES = YES;
				CLANG_ENABLE_OBJC_ARC = YES;
				CLANG_WARN_BOOL_CONVERSION = YES;
				CLANG_WARN_CONSTANT_CONVERSION = YES;
				CLANG_WARN_DIRECT_OBJC_ISA_USAGE = YES_ERROR;
				CLANG_WARN_EMPTY_BODY = YES;
				CLANG_WARN_ENUM_CONVERSION = YES;
				CLANG_WARN_INT_CONVERSION = YES;
				CLANG_WARN_OBJC_ROOT_CLASS = YES_ERROR;
				CLANG_WARN__DUPLICATE_METHOD_MATCH = YES;
				"CODE_SIGN_IDENTITY[sdk=iphoneos*]" = "iPhone Developer";
				COPY_PHASE_STRIP = YES;
				ENABLE_NS_ASSERTIONS = NO;
				GCC_C_LANGUAGE_STANDARD = gnu99;
				GCC_WARN_64_TO_32_BIT_CONVERSION = YES;
				GCC_WARN_ABOUT_RETURN_TYPE = YES_ERROR;
				GCC_WARN_UNDECLARED_SELECTOR = YES;
				GCC_WARN_UNINITIALIZED_AUTOS = YES;
				GCC_WARN_UNUSED_FUNCTION = YES;
				GCC_WARN_UNUSED_VARIABLE = YES;
				IPHONEOS_DEPLOYMENT_TARGET = 7.0;
				SDKROOT = iphoneos;
				VALIDATE_PRODUCT = YES;
			};
			name = Release;
		};
		6DEF2CFF188F9D8D00BC1A2E /* Debug */ = {
			isa = XCBuildConfiguration;
			buildSettings = {
				ASSETCATALOG_COMPILER_APPICON_NAME = AppIcon;
				ASSETCATALOG_COMPILER_LAUNCHIMAGE_NAME = LaunchImage;
				CODE_SIGN_IDENTITY = "iPhone Developer";
				"CODE_SIGN_IDENTITY[sdk=iphoneos*]" = "iPhone Developer";
				GCC_PRECOMPILE_PREFIX_HEADER = YES;
				GCC_PREFIX_HEADER = "ProductGPS/ProductGPS-Prefix.pch";
				INFOPLIST_FILE = "ProductGPS/ProductGPS-Info.plist";
				PRODUCT_NAME = "$(TARGET_NAME)";
				PROVISIONING_PROFILE = "";
				WRAPPER_EXTENSION = app;
			};
			name = Debug;
		};
		6DEF2D00188F9D8D00BC1A2E /* Release */ = {
			isa = XCBuildConfiguration;
			buildSettings = {
				ASSETCATALOG_COMPILER_APPICON_NAME = AppIcon;
				ASSETCATALOG_COMPILER_LAUNCHIMAGE_NAME = LaunchImage;
				CODE_SIGN_IDENTITY = "iPhone Developer";
				"CODE_SIGN_IDENTITY[sdk=iphoneos*]" = "iPhone Developer";
				GCC_PRECOMPILE_PREFIX_HEADER = YES;
				GCC_PREFIX_HEADER = "ProductGPS/ProductGPS-Prefix.pch";
				INFOPLIST_FILE = "ProductGPS/ProductGPS-Info.plist";
				PRODUCT_NAME = "$(TARGET_NAME)";
				PROVISIONING_PROFILE = "";
				WRAPPER_EXTENSION = app;
			};
			name = Release;
		};
		6DEF2D02188F9D8D00BC1A2E /* Debug */ = {
			isa = XCBuildConfiguration;
			buildSettings = {
				ARCHS = "$(ARCHS_STANDARD_INCLUDING_64_BIT)";
				BUNDLE_LOADER = "$(BUILT_PRODUCTS_DIR)/ProductGPS.app/ProductGPS";
				FRAMEWORK_SEARCH_PATHS = (
					"$(SDKROOT)/Developer/Library/Frameworks",
					"$(inherited)",
					"$(DEVELOPER_FRAMEWORKS_DIR)",
				);
				GCC_PRECOMPILE_PREFIX_HEADER = YES;
				GCC_PREFIX_HEADER = "ProductGPS/ProductGPS-Prefix.pch";
				GCC_PREPROCESSOR_DEFINITIONS = (
					"DEBUG=1",
					"$(inherited)",
				);
				INFOPLIST_FILE = "ProductGPSTests/ProductGPSTests-Info.plist";
				PRODUCT_NAME = "$(TARGET_NAME)";
				TEST_HOST = "$(BUNDLE_LOADER)";
				WRAPPER_EXTENSION = xctest;
			};
			name = Debug;
		};
		6DEF2D03188F9D8D00BC1A2E /* Release */ = {
			isa = XCBuildConfiguration;
			buildSettings = {
				ARCHS = "$(ARCHS_STANDARD_INCLUDING_64_BIT)";
				BUNDLE_LOADER = "$(BUILT_PRODUCTS_DIR)/ProductGPS.app/ProductGPS";
				FRAMEWORK_SEARCH_PATHS = (
					"$(SDKROOT)/Developer/Library/Frameworks",
					"$(inherited)",
					"$(DEVELOPER_FRAMEWORKS_DIR)",
				);
				GCC_PRECOMPILE_PREFIX_HEADER = YES;
				GCC_PREFIX_HEADER = "ProductGPS/ProductGPS-Prefix.pch";
				INFOPLIST_FILE = "ProductGPSTests/ProductGPSTests-Info.plist";
				PRODUCT_NAME = "$(TARGET_NAME)";
				TEST_HOST = "$(BUNDLE_LOADER)";
				WRAPPER_EXTENSION = xctest;
			};
			name = Release;
		};
/* End XCBuildConfiguration section */

/* Begin XCConfigurationList section */
		6DEF2CC7188F9D8D00BC1A2E /* Build configuration list for PBXProject "ProductGPS" */ = {
			isa = XCConfigurationList;
			buildConfigurations = (
				6DEF2CFC188F9D8D00BC1A2E /* Debug */,
				6DEF2CFD188F9D8D00BC1A2E /* Release */,
			);
			defaultConfigurationIsVisible = 0;
			defaultConfigurationName = Release;
		};
		6DEF2CFE188F9D8D00BC1A2E /* Build configuration list for PBXNativeTarget "ProductGPS" */ = {
			isa = XCConfigurationList;
			buildConfigurations = (
				6DEF2CFF188F9D8D00BC1A2E /* Debug */,
				6DEF2D00188F9D8D00BC1A2E /* Release */,
			);
			defaultConfigurationIsVisible = 0;
			defaultConfigurationName = Release;
		};
		6DEF2D01188F9D8D00BC1A2E /* Build configuration list for PBXNativeTarget "ProductGPSTests" */ = {
			isa = XCConfigurationList;
			buildConfigurations = (
				6DEF2D02188F9D8D00BC1A2E /* Debug */,
				6DEF2D03188F9D8D00BC1A2E /* Release */,
			);
			defaultConfigurationIsVisible = 0;
			defaultConfigurationName = Release;
		};
/* End XCConfigurationList section */

/* Begin XCVersionGroup section */
		6DEF2CE3188F9D8D00BC1A2E /* ProductGPS.xcdatamodeld */ = {
			isa = XCVersionGroup;
			children = (
				6DEF2CE4188F9D8D00BC1A2E /* ProductGPS.xcdatamodel */,
			);
			currentVersion = 6DEF2CE4188F9D8D00BC1A2E /* ProductGPS.xcdatamodel */;
			path = ProductGPS.xcdatamodeld;
			sourceTree = "<group>";
			versionGroupType = wrapper.xcdatamodel;
		};
/* End XCVersionGroup section */
	};
	rootObject = 6DEF2CC4188F9D8D00BC1A2E /* Project object */;
}
